
Microsoft Visual Studio Solution File, Format Version 12.00
# Visual Studio Version 16
VisualStudioVersion = 16.0.31410.357
MinimumVisualStudioVersion = 10.0.40219.1
Project("{FAE04EC0-301F-11D3-BF4B-00C04F79EFBC}") = "StarshipAPI", "StarshipAPI.csproj", "{B03AE561-5A75-4FBC-8247-B833EA7F4F10}"
EndProject
Global
	GlobalSection(SolutionConfigurationPlatforms) = preSolution
		Debug|Any CPU = Debug|Any CPU
		Release|Any CPU = Release|Any CPU
	EndGlobalSection
	GlobalSection(ProjectConfigurationPlatforms) = postSolution
		{B03AE561-5A75-4FBC-8247-B833EA7F4F10}.Debug|Any CPU.ActiveCfg = Debug|Any CPU
		{B03AE561-5A75-4FBC-8247-B833EA7F4F10}.Debug|Any CPU.Build.0 = Debug|Any CPU
		{B03AE561-5A75-4FBC-8247-B833EA7F4F10}.Release|Any CPU.ActiveCfg = Release|Any CPU
		{B03AE561-5A75-4FBC-8247-B833EA7F4F10}.Release|Any CPU.Build.0 = Release|Any CPU
	EndGlobalSection
	GlobalSection(SolutionProperties) = preSolution
		HideSolutionNode = FALSE
	EndGlobalSection
	GlobalSection(ExtensibilityGlobals) = postSolution
		SolutionGuid = {BB0CC78C-F84D-4C7B-8328-2413871B680D}
	EndGlobalSection
EndGlobal
